
Microsoft Visual Studio Solution File, Format Version 12.00
# Visual Studio Version 17
VisualStudioVersion = 17.4.33213.308
MinimumVisualStudioVersion = 10.0.40219.1
Project("{FAE04EC0-301F-11D3-BF4B-00C04F79EFBC}") = "Proyecto_Final", "Proyecto_Final\Proyecto_Final.csproj", "{2D6971EA-96B5-4DA5-A0A9-77FD172AF99E}"
EndProject
Global
	GlobalSection(SolutionConfigurationPlatforms) = preSolution
		Debug|Any CPU = Debug|Any CPU
		Release|Any CPU = Release|Any CPU
	EndGlobalSection
	GlobalSection(ProjectConfigurationPlatforms) = postSolution
		{2D6971EA-96B5-4DA5-A0A9-77FD172AF99E}.Debug|Any CPU.ActiveCfg = Debug|Any CPU
		{2D6971EA-96B5-4DA5-A0A9-77FD172AF99E}.Debug|Any CPU.Build.0 = Debug|Any CPU
		{2D6971EA-96B5-4DA5-A0A9-77FD172AF99E}.Release|Any CPU.ActiveCfg = Release|Any CPU
		{2D6971EA-96B5-4DA5-A0A9-77FD172AF99E}.Release|Any CPU.Build.0 = Release|Any CPU
	EndGlobalSection
	GlobalSection(SolutionProperties) = preSolution
		HideSolutionNode = FALSE
	EndGlobalSection
	GlobalSection(ExtensibilityGlobals) = postSolution
		SolutionGuid = {1F7D2B93-DC47-4E3F-8E46-55231920943B}
	EndGlobalSection
EndGlobal
